{
  "name": "colorpickerunlimited",
  "version": "1.0.0",
  "lockfileVersion": 1,
  "requires": true,
  "dependencies": {
    "bobril": {
      "version": "7.6.2",
      "resolved": "https://registry.npmjs.org/bobril/-/bobril-7.6.2.tgz",
      "integrity": "sha1-hr/hi00r59DCXtTeuXU4ZsUU56I="
    },
    "bobril-flex-ie10": {
      "version": "1.1.1",
      "resolved": "https://registry.npmjs.org/bobril-flex-ie10/-/bobril-flex-ie10-1.1.1.tgz",
      "integrity": "sha1-GBuZj5QrVQNpNPChHn2F2GielpA=",
      "requires": {
        "bobril": "7.6.2"
      }
    },
    "bobril-m": {
      "version": "0.11.0",
      "resolved": "https://registry.npmjs.org/bobril-m/-/bobril-m-0.11.0.tgz",
      "integrity": "sha1-hAi8zNge+UAop0PJsbUx1wZmGNY=",
      "requires": {
        "bobril": "7.6.2",
        "bobril-flex-ie10": "1.1.1",
        "bobril-m-icons": "2.1.0",
        "webfontloader": "1.6.28"
      }
    },
    "bobril-m-icons": {
      "version": "2.1.0",
      "resolved": "https://registry.npmjs.org/bobril-m-icons/-/bobril-m-icons-2.1.0.tgz",
      "integrity": "sha1-MvgdUVp/r3H4V6LtG2N+xWb0Fh8=",
      "requires": {
        "bobril": "7.6.2"
      }
    },
    "webfontloader": {
      "version": "1.6.28",
      "resolved": "https://registry.npmjs.org/webfontloader/-/webfontloader-1.6.28.tgz",
      "integrity": "sha1-23hhKSU8tujq5UwvsF+HCvZnW64="
    }
  }
}
